
Microsoft Visual Studio Solution File, Format Version 12.00
# Visual Studio Version 17
VisualStudioVersion = 17.7.34009.444
MinimumVisualStudioVersion = 10.0.40219.1
Project("{9A19103F-16F7-4668-BE54-9A1E7A4F7556}") = "artf-MVC", "artf-MVC.csproj", "{2CA99A69-D24F-40B4-8546-6AF5EB35C3E5}"
EndProject
Global
	GlobalSection(SolutionConfigurationPlatforms) = preSolution
		Debug|Any CPU = Debug|Any CPU
		Release|Any CPU = Release|Any CPU
	EndGlobalSection
	GlobalSection(ProjectConfigurationPlatforms) = postSolution
		{2CA99A69-D24F-40B4-8546-6AF5EB35C3E5}.Debug|Any CPU.ActiveCfg = Debug|Any CPU
		{2CA99A69-D24F-40B4-8546-6AF5EB35C3E5}.Debug|Any CPU.Build.0 = Debug|Any CPU
		{2CA99A69-D24F-40B4-8546-6AF5EB35C3E5}.Release|Any CPU.ActiveCfg = Release|Any CPU
		{2CA99A69-D24F-40B4-8546-6AF5EB35C3E5}.Release|Any CPU.Build.0 = Release|Any CPU
	EndGlobalSection
	GlobalSection(SolutionProperties) = preSolution
		HideSolutionNode = FALSE
	EndGlobalSection
	GlobalSection(ExtensibilityGlobals) = postSolution
		SolutionGuid = {769354B3-A006-48E7-AD3B-5FFED0BC0D19}
	EndGlobalSection
EndGlobal
